{
  "name": "quizmaker",
  "version": "1.0.0",
  "lockfileVersion": 1,
  "requires": true,
  "dependencies": {
    "@microsoft/signalr": {
      "version": "6.0.4",
      "resolved": "https://registry.npmjs.org/@microsoft/signalr/-/signalr-6.0.4.tgz",
      "integrity": "sha512-YeWRh4LxfYnq4I5CKw17/HOq8rY+ouTv6Bq+s55122StE3pK29j8j2OpP+1PA3D1ksHPfy7dFIgC33yr/E+01A==",
      "requires": {
        "abort-controller": "^3.0.0",
        "eventsource": "^1.0.7",
        "fetch-cookie": "^0.11.0",
        "node-fetch": "^2.6.7",
        "ws": "^7.4.5"
      }
    },
    "@types/chart.js": {
      "version": "2.9.37",
      "resolved": "https://registry.npmjs.org/@types/chart.js/-/chart.js-2.9.37.tgz",
      "integrity": "sha512-9bosRfHhkXxKYfrw94EmyDQcdjMaQPkU1fH2tDxu8DWXxf1mjzWQAV4laJF51ZbC2ycYwNDvIm1rGez8Bug0vg==",
      "requires": {
        "moment": "^2.10.2"
      }
    },
    "@types/d3": {
      "version": "5.16.4",
      "resolved": "https://registry.npmjs.org/@types/d3/-/d3-5.16.4.tgz",
      "integrity": "sha512-2u0O9iP1MubFiQ+AhR1id4Egs+07BLtvRATG6IL2Gs9+KzdrfaxCKNq5hxEyw1kxwsqB/lCgr108XuHcKtb/5w==",
      "requires": {
        "@types/d3-array": "^1",
        "@types/d3-axis": "^1",
        "@types/d3-brush": "^1",
        "@types/d3-chord": "^1",
        "@types/d3-collection": "*",
        "@types/d3-color": "^1",
        "@types/d3-contour": "^1",
        "@types/d3-dispatch": "^1",
        "@types/d3-drag": "^1",
        "@types/d3-dsv": "^1",
        "@types/d3-ease": "^1",
        "@types/d3-fetch": "^1",
        "@types/d3-force": "^1",
        "@types/d3-format": "^1",
        "@types/d3-geo": "^1",
        "@types/d3-hierarchy": "^1",
        "@types/d3-interpolate": "^1",
        "@types/d3-path": "^1",
        "@types/d3-polygon": "^1",
        "@types/d3-quadtree": "^1",
        "@types/d3-random": "^1",
        "@types/d3-scale": "^2",
        "@types/d3-scale-chromatic": "^1",
        "@types/d3-selection": "^1",
        "@types/d3-shape": "^1",
        "@types/d3-time": "^1",
        "@types/d3-time-format": "^2",
        "@types/d3-timer": "^1",
        "@types/d3-transition": "^1",
        "@types/d3-voronoi": "*",
        "@types/d3-zoom": "^1"
      }
    },
    "@types/d3-array": {
      "version": "1.2.8",
      "resolved": "https://registry.npmjs.org/@types/d3-array/-/d3-array-1.2.8.tgz",
      "integrity": "sha512-wWV0wT6oLUGprrOR5LMK7Dh8EBiondhnqINsvazv6UucYfTdb2oaFF4knlqzZV2RKB9ZC9G7G1Iojt8b/wolsw=="
    },
    "@types/d3-axis": {
      "version": "1.0.14",
      "resolved": "https://registry.npmjs.org/@types/d3-axis/-/d3-axis-1.0.14.tgz",
      "integrity": "sha512-wZAKX/dtFT5t5iuCaiU0QL0BWB19TE6h7C7kgfBVyoka7zidQWvf8E9zQTJ5bNPBQxd0+JmplNqwy1M8O8FOjA==",
      "requires": {
        "@types/d3-selection": "^1"
      }
    },
    "@types/d3-brush": {
      "version": "1.1.4",
      "resolved": "https://registry.npmjs.org/@types/d3-brush/-/d3-brush-1.1.4.tgz",
      "integrity": "sha512-2t8CgWaha9PsPdSZJ9m6Jl4awqf3DGIXek2e7gfheyfP2R0a/18MX+wuLHx+LyI1Ad7lxDsPWcswKD0XhQEjmg==",
      "requires": {
        "@types/d3-selection": "^1"
      }
    },
    "@types/d3-chord": {
      "version": "1.0.10",
      "resolved": "https://registry.npmjs.org/@types/d3-chord/-/d3-chord-1.0.10.tgz",
      "integrity": "sha512-U6YojfET6ITL1/bUJo+/Lh3pMV9XPAfOWwbshl3y3RlgAX9VO/Bxa13IMAylZIDY4VsA3Gkh29kZP1AcAeyoYA=="
    },
    "@types/d3-collection": {
      "version": "1.0.10",
      "resolved": "https://registry.npmjs.org/@types/d3-collection/-/d3-collection-1.0.10.tgz",
      "integrity": "sha512-54Fdv8u5JbuXymtmXm2SYzi1x/Svt+jfWBU5junkhrCewL92VjqtCBDn97coBRVwVFmYNnVTNDyV8gQyPYfm+A=="
    },
    "@types/d3-color": {
      "version": "1.4.1",
      "resolved": "https://registry.npmjs.org/@types/d3-color/-/d3-color-1.4.1.tgz",
      "integrity": "sha512-xkPLi+gbgUU9ED6QX4g6jqYL2KCB0/3AlM+ncMGqn49OgH0gFMY/ITGqPF8HwEiLzJaC+2L0I+gNwBgABv1Pvg=="
    },
    "@types/d3-contour": {
      "version": "1.3.1",
      "resolved": "https://registry.npmjs.org/@types/d3-contour/-/d3-contour-1.3.1.tgz",
      "integrity": "sha512-wWwsM/3NfKTRBdH00cSf+XlsaHlNTkvH66PgDedobyvKQZ4sJrXXpr16LXvDnAal4B67v8JGrWDgyx6dqqKLuQ==",
      "requires": {
        "@types/d3-array": "^1",
        "@types/geojson": "*"
      }
    },
    "@types/d3-dispatch": {
      "version": "1.0.9",
      "resolved": "https://registry.npmjs.org/@types/d3-dispatch/-/d3-dispatch-1.0.9.tgz",
      "integrity": "sha512-zJ44YgjqALmyps+II7b1mZLhrtfV/FOxw9owT87mrweGWcg+WK5oiJX2M3SYJ0XUAExBduarysfgbR11YxzojQ=="
    },
    "@types/d3-drag": {
      "version": "1.2.5",
      "resolved": "https://registry.npmjs.org/@types/d3-drag/-/d3-drag-1.2.5.tgz",
      "integrity": "sha512-7NeTnfolst1Js3Vs7myctBkmJWu6DMI3k597AaHUX98saHjHWJ6vouT83UrpE+xfbSceHV+8A0JgxuwgqgmqWw==",
      "requires": {
        "@types/d3-selection": "^1"
      }
    },
    "@types/d3-dsv": {
      "version": "1.2.1",
      "resolved": "https://registry.npmjs.org/@types/d3-dsv/-/d3-dsv-1.2.1.tgz",
      "integrity": "sha512-LLmJmjiqp/fTNEdij5bIwUJ6P6TVNk5hKM9/uk5RPO2YNgEu9XvKO0dJ7Iqd3psEdmZN1m7gB1bOsjr4HmO2BA=="
    },
    "@types/d3-ease": {
      "version": "1.0.10",
      "resolved": "https://registry.npmjs.org/@types/d3-ease/-/d3-ease-1.0.10.tgz",
      "integrity": "sha512-fMFTCzd8DOwruE9zlu2O8ci5ct+U5jkGcDS+cH+HCidnJlDs0MZ+TuSVCFtEzh4E5MasItwy+HvgoFtxPHa5Cw=="
    },
    "@types/d3-fetch": {
      "version": "1.2.2",
      "resolved": "https://registry.npmjs.org/@types/d3-fetch/-/d3-fetch-1.2.2.tgz",
      "integrity": "sha512-rtFs92GugtV/NpiJQd0WsmGLcg52tIL0uF0bKbbJg231pR9JEb6HT4AUwrtuLq3lOeKdLBhsjV14qb0pMmd0Aw==",
      "requires": {
        "@types/d3-dsv": "^1"
      }
    },
    "@types/d3-force": {
      "version": "1.2.2",
      "resolved": "https://registry.npmjs.org/@types/d3-force/-/d3-force-1.2.2.tgz",
      "integrity": "sha512-TN7KO7sk0tJauedIt0q20RQRFo4V3v97pJKO/TDK40X3LaPM1aXRM2+zFF+nRMtseEiszg4KffudhjR8a3+4cg=="
    },
    "@types/d3-format": {
      "version": "1.4.1",
      "resolved": "https://registry.npmjs.org/@types/d3-format/-/d3-format-1.4.1.tgz",
      "integrity": "sha512-ss9G2snEKmp2In5Z3T0Jpqv8QaDBc2xHltBw83KjnV5B5w+Iwphbvq5ph/Xnu4d03fmmsdt+o1aWch379rxIbA=="
    },
    "@types/d3-geo": {
      "version": "1.12.1",
      "resolved": "https://registry.npmjs.org/@types/d3-geo/-/d3-geo-1.12.1.tgz",
      "integrity": "sha512-8+gyGFyMCXIHtnMNKQDT++tZ4XYFXgiP5NK7mcv34aYXA16GQFiBBITjKzxghpO8QNVceOd9rUn1JY92WLNGQw==",
      "requires": {
        "@types/geojson": "*"
      }
    },
    "@types/d3-hierarchy": {
      "version": "1.1.7",
      "resolved": "https://registry.npmjs.org/@types/d3-hierarchy/-/d3-hierarchy-1.1.7.tgz",
      "integrity": "sha512-fvht6DOYKzqmXjMb/+xfgkmrWM4SD7rMA/ZbM+gGwr9ZTuIDfky95J8CARtaJo/ExeWyS0xGVdL2gqno2zrQ0Q=="
    },
    "@types/d3-interpolate": {
      "version": "1.4.2",
      "resolved": "https://registry.npmjs.org/@types/d3-interpolate/-/d3-interpolate-1.4.2.tgz",
      "integrity": "sha512-ylycts6llFf8yAEs1tXzx2loxxzDZHseuhPokrqKprTQSTcD3JbJI1omZP1rphsELZO3Q+of3ff0ZS7+O6yVzg==",
      "requires": {
        "@types/d3-color": "^1"
      }
    },
    "@types/d3-path": {
      "version": "1.0.9",
      "resolved": "https://registry.npmjs.org/@types/d3-path/-/d3-path-1.0.9.tgz",
      "integrity": "sha512-NaIeSIBiFgSC6IGUBjZWcscUJEq7vpVu7KthHN8eieTV9d9MqkSOZLH4chq1PmcKy06PNe3axLeKmRIyxJ+PZQ=="
    },
    "@types/d3-polygon": {
      "version": "1.0.8",
      "resolved": "https://registry.npmjs.org/@types/d3-polygon/-/d3-polygon-1.0.8.tgz",
      "integrity": "sha512-1TOJPXCBJC9V3+K3tGbTqD/CsqLyv/YkTXAcwdsZzxqw5cvpdnCuDl42M4Dvi8XzMxZNCT9pL4ibrK2n4VmAcw=="
    },
    "@types/d3-quadtree": {
      "version": "1.0.8",
      "resolved": "https://registry.npmjs.org/@types/d3-quadtree/-/d3-quadtree-1.0.8.tgz",
      "integrity": "sha512-FuqYiexeSQZlc+IcGAVK8jSJKDFKHcSf/jx8rqJUUVx6rzv7ecQiXKyatrLHHh3W4CAvgNeVI23JKgk4+x2wFg=="
    },
    "@types/d3-random": {
      "version": "1.1.3",
      "resolved": "https://registry.npmjs.org/@types/d3-random/-/d3-random-1.1.3.tgz",
      "integrity": "sha512-XXR+ZbFCoOd4peXSMYJzwk0/elP37WWAzS/DG+90eilzVbUSsgKhBcWqylGWe+lA2ubgr7afWAOBaBxRgMUrBQ=="
    },
    "@types/d3-scale": {
      "version": "2.2.4",
      "resolved": "https://registry.npmjs.org/@types/d3-scale/-/d3-scale-2.2.4.tgz",
      "integrity": "sha512-wkQXT+IfgfAnKB5rtS1qMJg3FS32r1rVFHvqtiqk8pX8o5aQR3VwX1P7ErHjzNIicTlkWsaMiUTrYB+E75HFeA==",
      "requires": {
        "@types/d3-time": "^1"
      }
    },
    "@types/d3-scale-chromatic": {
      "version": "1.5.1",
      "resolved": "https://registry.npmjs.org/@types/d3-scale-chromatic/-/d3-scale-chromatic-1.5.1.tgz",
      "integrity": "sha512-7FtJYrmXTEWLykShjYhoGuDNR/Bda0+tstZMkFj4RRxUEryv16AGh3be21tqg84B6KfEwiZyEpBcTyPyU+GWjg=="
    },
    "@types/d3-selection": {
      "version": "1.4.3",
      "resolved": "https://registry.npmjs.org/@types/d3-selection/-/d3-selection-1.4.3.tgz",
      "integrity": "sha512-GjKQWVZO6Sa96HiKO6R93VBE8DUW+DDkFpIMf9vpY5S78qZTlRRSNUsHr/afDpF7TvLDV7VxrUFOWW7vdIlYkA=="
    },
    "@types/d3-shape": {
      "version": "1.3.5",
      "resolved": "https://registry.npmjs.org/@types/d3-shape/-/d3-shape-1.3.5.tgz",
      "integrity": "sha512-aPEax03owTAKynoK8ZkmkZEDZvvT4Y5pWgii4Jp4oQt0gH45j6siDl9gNDVC5kl64XHN2goN9jbYoHK88tFAcA==",
      "requires": {
        "@types/d3-path": "^1"
      }
    },
    "@types/d3-time": {
      "version": "1.1.1",
      "resolved": "https://registry.npmjs.org/@types/d3-time/-/d3-time-1.1.1.tgz",
      "integrity": "sha512-ULX7LoqXTCYtM+tLYOaeAJK7IwCT+4Gxlm2MaH0ErKLi07R5lh8NHCAyWcDkCCmx1AfRcBEV6H9QE9R25uP7jw=="
    },
    "@types/d3-time-format": {
      "version": "2.3.1",
      "resolved": "https://registry.npmjs.org/@types/d3-time-format/-/d3-time-format-2.3.1.tgz",
      "integrity": "sha512-fck0Z9RGfIQn3GJIEKVrp15h9m6Vlg0d5XXeiE/6+CQiBmMDZxfR21XtjEPuDeg7gC3bBM0SdieA5XF3GW1wKA=="
    },
    "@types/d3-timer": {
      "version": "1.0.10",
      "resolved": "https://registry.npmjs.org/@types/d3-timer/-/d3-timer-1.0.10.tgz",
      "integrity": "sha512-ZnAbquVqy+4ZjdW0cY6URp+qF/AzTVNda2jYyOzpR2cPT35FTXl78s15Bomph9+ckOiI1TtkljnWkwbIGAb6rg=="
    },
    "@types/d3-transition": {
      "version": "1.3.1",
      "resolved": "https://registry.npmjs.org/@types/d3-transition/-/d3-transition-1.3.1.tgz",
      "integrity": "sha512-U9CpMlTL/NlqdGXBlHYxTZwbmy/vN1cFv8TuAIFPX+xOW/1iChbeJBY2xmINhDQfkGJbgkH4IovafCwI1ZDrgg==",
      "requires": {
        "@types/d3-selection": "^1"
      }
    },
    "@types/d3-voronoi": {
      "version": "1.1.9",
      "resolved": "https://registry.npmjs.org/@types/d3-voronoi/-/d3-voronoi-1.1.9.tgz",
      "integrity": "sha512-DExNQkaHd1F3dFPvGA/Aw2NGyjMln6E9QzsiqOcBgnE+VInYnFBHBBySbZQts6z6xD+5jTfKCP7M4OqMyVjdwQ=="
    },
    "@types/d3-zoom": {
      "version": "1.8.2",
      "resolved": "https://registry.npmjs.org/@types/d3-zoom/-/d3-zoom-1.8.2.tgz",
      "integrity": "sha512-rU0LirorUxkLxEHSzkFs7pPC0KWsxRGc0sHrxEDR0/iQq+7/xpNkKuuOOwthlgvOtpOvtTLJ2JFOD6Kr0Si4Uw==",
      "requires": {
        "@types/d3-interpolate": "^1",
        "@types/d3-selection": "^1"
      }
    },
    "@types/geojson": {
      "version": "7946.0.7",
      "resolved": "https://registry.npmjs.org/@types/geojson/-/geojson-7946.0.7.tgz",
      "integrity": "sha512-wE2v81i4C4Ol09RtsWFAqg3BUitWbHSpSlIo+bNdsCJijO9sjme+zm+73ZMCa/qMC8UEERxzGbvmr1cffo2SiQ=="
    },
    "@types/node": {
      "version": "12.20.49",
      "resolved": "https://registry.npmjs.org/@types/node/-/node-12.20.49.tgz",
      "integrity": "sha512-5e6QNb9bkeh4Hni4ktLqUZuUqnGTX/kou2aZkXyxtuYaHXgBm+In1SHR9V+7kDzWzjB08KC2uqt2doDi7cuAAA=="
    },
    "abort-controller": {
      "version": "3.0.0",
      "resolved": "https://registry.npmjs.org/abort-controller/-/abort-controller-3.0.0.tgz",
      "integrity": "sha512-h8lQ8tacZYnR3vNQTgibj+tODHI5/+l06Au2Pcriv/Gmet0eaj4TwWH41sO9wnHDiQsEj19q0drzdWdeAHtweg==",
      "requires": {
        "event-target-shim": "^5.0.0"
      }
    },
    "chart.js": {
      "version": "3.7.1",
      "resolved": "https://registry.npmjs.org/chart.js/-/chart.js-3.7.1.tgz",
      "integrity": "sha512-8knRegQLFnPQAheZV8MjxIXc5gQEfDFD897BJgv/klO/vtIyFFmgMXrNfgrXpbTr/XbTturxRgxIXx/Y+ASJBA=="
    },
    "event-target-shim": {
      "version": "5.0.1",
      "resolved": "https://registry.npmjs.org/event-target-shim/-/event-target-shim-5.0.1.tgz",
      "integrity": "sha512-i/2XbnSz/uxRCU6+NdVJgKWDTM427+MqYbkQzD321DuCQJUqOuJKIA0IM2+W2xtYHdKOmZ4dR6fExsd4SXL+WQ=="
    },
    "eventsource": {
      "version": "1.1.0",
      "resolved": "https://registry.npmjs.org/eventsource/-/eventsource-1.1.0.tgz",
      "integrity": "sha512-VSJjT5oCNrFvCS6igjzPAt5hBzQ2qPBFIbJ03zLI9SE0mxwZpMw6BfJrbFHm1a141AavMEB8JHmBhWAd66PfCg==",
      "requires": {
        "original": "^1.0.0"
      }
    },
    "fetch-cookie": {
      "version": "0.11.0",
      "resolved": "https://registry.npmjs.org/fetch-cookie/-/fetch-cookie-0.11.0.tgz",
      "integrity": "sha512-BQm7iZLFhMWFy5CZ/162sAGjBfdNWb7a8LEqqnzsHFhxT/X/SVj/z2t2nu3aJvjlbQkrAlTUApplPRjWyH4mhA==",
      "requires": {
        "tough-cookie": "^2.3.3 || ^3.0.1 || ^4.0.0"
      }
    },
    "moment": {
      "version": "2.29.4",
      "resolved": "https://registry.npmjs.org/moment/-/moment-2.29.4.tgz",
      "integrity": "sha512-5LC9SOxjSc2HF6vO2CyuTDNivEdoz2IvyJJGj6X8DJ0eFyfszE0QiEd+iXmBvUP3WHxSjFH/vIsA0EN00cgr8w=="
    },
    "node-fetch": {
      "version": "2.6.7",
      "resolved": "https://registry.npmjs.org/node-fetch/-/node-fetch-2.6.7.tgz",
      "integrity": "sha512-ZjMPFEfVx5j+y2yF35Kzx5sF7kDzxuDj6ziH4FFbOp87zKDZNx8yExJIb05OGF4Nlt9IHFIMBkRl41VdvcNdbQ==",
      "requires": {
        "whatwg-url": "^5.0.0"
      }
    },
    "original": {
      "version": "1.0.2",
      "resolved": "https://registry.npmjs.org/original/-/original-1.0.2.tgz",
      "integrity": "sha512-hyBVl6iqqUOJ8FqRe+l/gS8H+kKYjrEndd5Pm1MfBtsEKA038HkkdbAl/72EAXGyonD/PFsvmVG+EvcIpliMBg==",
      "requires": {
        "url-parse": "^1.4.3"
      }
    },
    "psl": {
      "version": "1.8.0",
      "resolved": "https://registry.npmjs.org/psl/-/psl-1.8.0.tgz",
      "integrity": "sha512-RIdOzyoavK+hA18OGGWDqUTsCLhtA7IcZ/6NCs4fFJaHBDab+pDDmDIByWFRQJq2Cd7r1OoQxBGKOaztq+hjIQ=="
    },
    "punycode": {
      "version": "2.1.1",
      "resolved": "https://registry.npmjs.org/punycode/-/punycode-2.1.1.tgz",
      "integrity": "sha512-XRsRjdf+j5ml+y/6GKHPZbrF/8p2Yga0JPtdqTIY2Xe5ohJPD9saDJJLPvp9+NSBprVvevdXZybnj2cv8OEd0A=="
    },
    "querystringify": {
      "version": "2.2.0",
      "resolved": "https://registry.npmjs.org/querystringify/-/querystringify-2.2.0.tgz",
      "integrity": "sha512-FIqgj2EUvTa7R50u0rGsyTftzjYmv/a3hO345bZNrqabNqjtgiDMgmo4mkUjd+nzU5oF3dClKqFIPUKybUyqoQ=="
    },
    "requires-port": {
      "version": "1.0.0",
      "resolved": "https://registry.npmjs.org/requires-port/-/requires-port-1.0.0.tgz",
      "integrity": "sha1-kl0mAdOaxIXgkc8NpcbmlNw9yv8="
    },
    "tough-cookie": {
      "version": "4.0.0",
      "resolved": "https://registry.npmjs.org/tough-cookie/-/tough-cookie-4.0.0.tgz",
      "integrity": "sha512-tHdtEpQCMrc1YLrMaqXXcj6AxhYi/xgit6mZu1+EDWUn+qhUf8wMQoFIy9NXuq23zAwtcB0t/MjACGR18pcRbg==",
      "requires": {
        "psl": "^1.1.33",
        "punycode": "^2.1.1",
        "universalify": "^0.1.2"
      }
    },
    "tr46": {
      "version": "0.0.3",
      "resolved": "https://registry.npmjs.org/tr46/-/tr46-0.0.3.tgz",
      "integrity": "sha1-gYT9NH2snNwYWZLzpmIuFLnZq2o="
    },
    "universalify": {
      "version": "0.1.2",
      "resolved": "https://registry.npmjs.org/universalify/-/universalify-0.1.2.tgz",
      "integrity": "sha512-rBJeI5CXAlmy1pV+617WB9J63U6XcazHHF2f2dbJix4XzpUF0RS3Zbj0FGIOCAva5P/d/GBOYaACQ1w+0azUkg=="
    },
    "url-parse": {
      "version": "1.5.10",
      "resolved": "https://registry.npmjs.org/url-parse/-/url-parse-1.5.10.tgz",
      "integrity": "sha512-WypcfiRhfeUP9vvF0j6rw0J3hrWrw6iZv3+22h6iRMJ/8z1Tj6XfLP4DsUix5MhMPnXpiHDoKyoZ/bdCkwBCiQ==",
      "requires": {
        "querystringify": "^2.1.1",
        "requires-port": "^1.0.0"
      }
    },
    "webidl-conversions": {
      "version": "3.0.1",
      "resolved": "https://registry.npmjs.org/webidl-conversions/-/webidl-conversions-3.0.1.tgz",
      "integrity": "sha1-JFNCdeKnvGvnvIZhHMFq4KVlSHE="
    },
    "whatwg-url": {
      "version": "5.0.0",
      "resolved": "https://registry.npmjs.org/whatwg-url/-/whatwg-url-5.0.0.tgz",
      "integrity": "sha1-lmRU6HZUYuN2RNNib2dCzotwll0=",
      "requires": {
        "tr46": "~0.0.3",
        "webidl-conversions": "^3.0.0"
      }
    },
    "ws": {
      "version": "7.5.7",
      "resolved": "https://registry.npmjs.org/ws/-/ws-7.5.7.tgz",
      "integrity": "sha512-KMvVuFzpKBuiIXW3E4u3mySRO2/mCHSyZDJQM5NQ9Q9KHWHWh0NHgfbRMLLrceUK5qAL4ytALJbpRMjixFZh8A=="
    }
  }
}
